
Microsoft Visual Studio Solution File, Format Version 12.00
# Visual Studio Version 17
VisualStudioVersion = 17.10.35122.118
MinimumVisualStudioVersion = 10.0.40219.1
Project("{FAE04EC0-301F-11D3-BF4B-00C04F79EFBC}") = "WareHouseApi", "WareHouseApi.csproj", "{A7543E45-456E-4BF3-9600-A1656AE610BC}"
EndProject
Global
	GlobalSection(SolutionConfigurationPlatforms) = preSolution
		Debug|Any CPU = Debug|Any CPU
		Release|Any CPU = Release|Any CPU
	EndGlobalSection
	GlobalSection(ProjectConfigurationPlatforms) = postSolution
		{A7543E45-456E-4BF3-9600-A1656AE610BC}.Debug|Any CPU.ActiveCfg = Debug|Any CPU
		{A7543E45-456E-4BF3-9600-A1656AE610BC}.Debug|Any CPU.Build.0 = Debug|Any CPU
		{A7543E45-456E-4BF3-9600-A1656AE610BC}.Release|Any CPU.ActiveCfg = Release|Any CPU
		{A7543E45-456E-4BF3-9600-A1656AE610BC}.Release|Any CPU.Build.0 = Release|Any CPU
	EndGlobalSection
	GlobalSection(SolutionProperties) = preSolution
		HideSolutionNode = FALSE
	EndGlobalSection
	GlobalSection(ExtensibilityGlobals) = postSolution
		SolutionGuid = {B079B112-8BBE-45BD-BB50-EA7767DCFEBB}
	EndGlobalSection
EndGlobal
